
Microsoft Visual Studio Solution File, Format Version 12.00
# Visual Studio 15
VisualStudioVersion = 15.0.28010.2019
MinimumVisualStudioVersion = 10.0.40219.1
Project("{FAE04EC0-301F-11D3-BF4B-00C04F79EFBC}") = "ChinookAPI", "ChinookAPI\ChinookAPI.csproj", "{408F3686-CD86-429C-8AFD-29CC42DC082C}"
EndProject
Global
	GlobalSection(SolutionConfigurationPlatforms) = preSolution
		Debug|Any CPU = Debug|Any CPU
		Release|Any CPU = Release|Any CPU
	EndGlobalSection
	GlobalSection(ProjectConfigurationPlatforms) = postSolution
		{408F3686-CD86-429C-8AFD-29CC42DC082C}.Debug|Any CPU.ActiveCfg = Debug|Any CPU
		{408F3686-CD86-429C-8AFD-29CC42DC082C}.Debug|Any CPU.Build.0 = Debug|Any CPU
		{408F3686-CD86-429C-8AFD-29CC42DC082C}.Release|Any CPU.ActiveCfg = Release|Any CPU
		{408F3686-CD86-429C-8AFD-29CC42DC082C}.Release|Any CPU.Build.0 = Release|Any CPU
	EndGlobalSection
	GlobalSection(SolutionProperties) = preSolution
		HideSolutionNode = FALSE
	EndGlobalSection
	GlobalSection(ExtensibilityGlobals) = postSolution
		SolutionGuid = {D690ED78-BD78-41EF-A74D-22B7F623F763}
	EndGlobalSection
EndGlobal
